
Microsoft Visual Studio Solution File, Format Version 12.00
# Visual Studio Version 17
VisualStudioVersion = 17.5.33424.131
MinimumVisualStudioVersion = 10.0.40219.1
Project("{8BC9CEB8-8B4A-11D0-8D11-00A0C91BC942}") = "project c++", "project c++\project c++.vcxproj", "{7459EEC2-4686-4E3D-A646-6300CC969481}"
EndProject
Global
	GlobalSection(SolutionConfigurationPlatforms) = preSolution
		Debug|x64 = Debug|x64
		Debug|x86 = Debug|x86
		Release|x64 = Release|x64
		Release|x86 = Release|x86
	EndGlobalSection
	GlobalSection(ProjectConfigurationPlatforms) = postSolution
		{7459EEC2-4686-4E3D-A646-6300CC969481}.Debug|x64.ActiveCfg = Debug|x64
		{7459EEC2-4686-4E3D-A646-6300CC969481}.Debug|x64.Build.0 = Debug|x64
		{7459EEC2-4686-4E3D-A646-6300CC969481}.Debug|x86.ActiveCfg = Debug|Win32
		{7459EEC2-4686-4E3D-A646-6300CC969481}.Debug|x86.Build.0 = Debug|Win32
		{7459EEC2-4686-4E3D-A646-6300CC969481}.Release|x64.ActiveCfg = Release|x64
		{7459EEC2-4686-4E3D-A646-6300CC969481}.Release|x64.Build.0 = Release|x64
		{7459EEC2-4686-4E3D-A646-6300CC969481}.Release|x86.ActiveCfg = Release|Win32
		{7459EEC2-4686-4E3D-A646-6300CC969481}.Release|x86.Build.0 = Release|Win32
	EndGlobalSection
	GlobalSection(SolutionProperties) = preSolution
		HideSolutionNode = FALSE
	EndGlobalSection
	GlobalSection(ExtensibilityGlobals) = postSolution
		SolutionGuid = {B24F3CD8-2BA5-4193-9E7D-C4A5AAD766D0}
	EndGlobalSection
EndGlobal
